// !$*UTF8*$!
{
	archiveVersion = 1;
	classes = {
	};
	objectVersion = 56;
	objects = {

/* Begin PBXBuildFile section */
		22F5877D2EE7089D0018E1EC /* e_CommerceApp.swift in Sources */ = {isa = PBXBuildFile; fileRef = 22F5877C2EE7089D0018E1EC /* e_CommerceApp.swift */; };
		22F587812EE708A00018E1EC /* Assets.xcassets in Resources */ = {isa = PBXBuildFile; fileRef = 22F587802EE708A00018E1EC /* Assets.xcassets */; };
		22F587842EE708A00018E1EC /* Preview Assets.xcassets in Resources */ = {isa = PBXBuildFile; fileRef = 22F587832EE708A00018E1EC /* Preview Assets.xcassets */; };
		22F587902EE70C9B0018E1EC /* chairModel.swift in Sources */ = {isa = PBXBuildFile; fileRef = 22F5878F2EE70C9B0018E1EC /* chairModel.swift */; };
		22F587922EE70D880018E1EC /* MainView.swift in Sources */ = {isa = PBXBuildFile; fileRef = 22F587912EE70D880018E1EC /* MainView.swift */; };
		22F587942EE70DDE0018E1EC /* ListedItemView.swift in Sources */ = {isa = PBXBuildFile; fileRef = 22F587932EE70DDE0018E1EC /* ListedItemView.swift */; };
		22F587962EE70E100018E1EC /* DetailItemView.swift in Sources */ = {isa = PBXBuildFile; fileRef = 22F587952EE70E100018E1EC /* DetailItemView.swift */; };
		22F587982EE70E3C0018E1EC /* CartItemView.swift in Sources */ = {isa = PBXBuildFile; fileRef = 22F587972EE70E3C0018E1EC /* CartItemView.swift */; };
		22F5879A2EE70E8A0018E1EC /* ChairViewModel.swift in Sources */ = {isa = PBXBuildFile; fileRef = 22F587992EE70E8A0018E1EC /* ChairViewModel.swift */; };
		22F5879E2EE712090018E1EC /* LocalData.swift in Sources */ = {isa = PBXBuildFile; fileRef = 22F5879D2EE712090018E1EC /* LocalData.swift */; };
		22F587A02EE942350018E1EC /* ItemHeaderView.swift in Sources */ = {isa = PBXBuildFile; fileRef = 22F5879F2EE942350018E1EC /* ItemHeaderView.swift */; };
/* End PBXBuildFile section */

/* Begin PBXFileReference section */
		22F587792EE7089D0018E1EC /* e-Commerce.app */ = {isa = PBXFileReference; explicitFileType = wrapper.application; includeInIndex = 0; path = "e-Commerce.app"; sourceTree = BUILT_PRODUCTS_DIR; };
		22F5877C2EE7089D0018E1EC /* e_CommerceApp.swift */ = {isa = PBXFileReference; lastKnownFileType = sourcecode.swift; path = e_CommerceApp.swift; sourceTree = "<group>"; };
		22F587802EE708A00018E1EC /* Assets.xcassets */ = {isa = PBXFileReference; lastKnownFileType = folder.assetcatalog; path = Assets.xcassets; sourceTree = "<group>"; };
		22F587832EE708A00018E1EC /* Preview Assets.xcassets */ = {isa = PBXFileReference; lastKnownFileType = folder.assetcatalog; path = "Preview Assets.xcassets"; sourceTree = "<group>"; };
		22F5878F2EE70C9B0018E1EC /* chairModel.swift */ = {isa = PBXFileReference; lastKnownFileType = sourcecode.swift; path = chairModel.swift; sourceTree = "<group>"; };
		22F587912EE70D880018E1EC /* MainView.swift */ = {isa = PBXFileReference; lastKnownFileType = sourcecode.swift; path = MainView.swift; sourceTree = "<group>"; };
		22F587932EE70DDE0018E1EC /* ListedItemView.swift */ = {isa = PBXFileReference; lastKnownFileType = sourcecode.swift; path = ListedItemView.swift; sourceTree = "<group>"; };
		22F587952EE70E100018E1EC /* DetailItemView.swift */ = {isa = PBXFileReference; lastKnownFileType = sourcecode.swift; path = DetailItemView.swift; sourceTree = "<group>"; };
		22F587972EE70E3C0018E1EC /* CartItemView.swift */ = {isa = PBXFileReference; lastKnownFileType = sourcecode.swift; path = CartItemView.swift; sourceTree = "<group>"; };
		22F587992EE70E8A0018E1EC /* ChairViewModel.swift */ = {isa = PBXFileReference; lastKnownFileType = sourcecode.swift; path = ChairViewModel.swift; sourceTree = "<group>"; };
		22F5879D2EE712090018E1EC /* LocalData.swift */ = {isa = PBXFileReference; lastKnownFileType = sourcecode.swift; path = LocalData.swift; sourceTree = "<group>"; };
		22F5879F2EE942350018E1EC /* ItemHeaderView.swift */ = {isa = PBXFileReference; lastKnownFileType = sourcecode.swift; path = ItemHeaderView.swift; sourceTree = "<group>"; };
/* End PBXFileReference section */

/* Begin PBXFrameworksBuildPhase section */
		22F587762EE7089D0018E1EC /* Frameworks */ = {
			isa = PBXFrameworksBuildPhase;
			buildActionMask = 2147483647;
			files = (
			);
			runOnlyForDeploymentPostprocessing = 0;
		};
/* End PBXFrameworksBuildPhase section */

/* Begin PBXGroup section */
		22F587702EE7089D0018E1EC = {
			isa = PBXGroup;
			children = (
				22F5877B2EE7089D0018E1EC /* e-Commerce */,
				22F5877A2EE7089D0018E1EC /* Products */,
			);
			sourceTree = "<group>";
		};
		22F5877A2EE7089D0018E1EC /* Products */ = {
			isa = PBXGroup;
			children = (
				22F587792EE7089D0018E1EC /* e-Commerce.app */,
			);
			name = Products;
			sourceTree = "<group>";
		};
		22F5877B2EE7089D0018E1EC /* e-Commerce */ = {
			isa = PBXGroup;
			children = (
				22F5879C2EE711F40018E1EC /* Data */,
				22F5877C2EE7089D0018E1EC /* e_CommerceApp.swift */,
				22F5878E2EE70A3A0018E1EC /* ViewModel */,
				22F5878D2EE70A310018E1EC /* Model */,
				22F5878C2EE70A250018E1EC /* View */,
				22F587802EE708A00018E1EC /* Assets.xcassets */,
				22F587822EE708A00018E1EC /* Preview Content */,
			);
			path = "e-Commerce";
			sourceTree = "<group>";
		};
		22F587822EE708A00018E1EC /* Preview Content */ = {
			isa = PBXGroup;
			children = (
				22F587832EE708A00018E1EC /* Preview Assets.xcassets */,
			);
			path = "Preview Content";
			sourceTree = "<group>";
		};
		22F5878C2EE70A250018E1EC /* View */ = {
			isa = PBXGroup;
			children = (
				22F587912EE70D880018E1EC /* MainView.swift */,
				22F587932EE70DDE0018E1EC /* ListedItemView.swift */,
				22F587952EE70E100018E1EC /* DetailItemView.swift */,
				22F587972EE70E3C0018E1EC /* CartItemView.swift */,
				22F5879F2EE942350018E1EC /* ItemHeaderView.swift */,
			);
			path = View;
			sourceTree = "<group>";
		};
		22F5878D2EE70A310018E1EC /* Model */ = {
			isa = PBXGroup;
			children = (
				22F5878F2EE70C9B0018E1EC /* chairModel.swift */,
			);
			path = Model;
			sourceTree = "<group>";
		};
		22F5878E2EE70A3A0018E1EC /* ViewModel */ = {
			isa = PBXGroup;
			children = (
				22F587992EE70E8A0018E1EC /* ChairViewModel.swift */,
			);
			path = ViewModel;
			sourceTree = "<group>";
		};
		22F5879C2EE711F40018E1EC /* Data */ = {
			isa = PBXGroup;
			children = (
				22F5879D2EE712090018E1EC /* LocalData.swift */,
			);
			path = Data;
			sourceTree = "<group>";
		};
/* End PBXGroup section */

/* Begin PBXNativeTarget section */
		22F587782EE7089D0018E1EC /* e-Commerce */ = {
			isa = PBXNativeTarget;
			buildConfigurationList = 22F587872EE708A00018E1EC /* Build configuration list for PBXNativeTarget "e-Commerce" */;
			buildPhases = (
				22F587752EE7089D0018E1EC /* Sources */,
				22F587762EE7089D0018E1EC /* Frameworks */,
				22F587772EE7089D0018E1EC /* Resources */,
			);
			buildRules = (
			);
			dependencies = (
			);
			name = "e-Commerce";
			productName = "e-Commerce";
			productReference = 22F587792EE7089D0018E1EC /* e-Commerce.app */;
			productType = "com.apple.product-type.application";
		};
/* End PBXNativeTarget section */

/* Begin PBXProject section */
		22F587712EE7089D0018E1EC /* Project object */ = {
			isa = PBXProject;
			attributes = {
				BuildIndependentTargetsInParallel = 1;
				LastSwiftUpdateCheck = 1410;
				LastUpgradeCheck = 1410;
				TargetAttributes = {
					22F587782EE7089D0018E1EC = {
						CreatedOnToolsVersion = 14.1;
					};
				};
			};
			buildConfigurationList = 22F587742EE7089D0018E1EC /* Build configuration list for PBXProject "e-Commerce" */;
			compatibilityVersion = "Xcode 14.0";
			developmentRegion = en;
			hasScannedForEncodings = 0;
			knownRegions = (
				en,
				Base,
			);
			mainGroup = 22F587702EE7089D0018E1EC;
			productRefGroup = 22F5877A2EE7089D0018E1EC /* Products */;
			projectDirPath = "";
			projectRoot = "";
			targets = (
				22F587782EE7089D0018E1EC /* e-Commerce */,
			);
		};
/* End PBXProject section */

/* Begin PBXResourcesBuildPhase section */
		22F587772EE7089D0018E1EC /* Resources */ = {
			isa = PBXResourcesBuildPhase;
			buildActionMask = 2147483647;
			files = (
				22F587842EE708A00018E1EC /* Preview Assets.xcassets in Resources */,
				22F587812EE708A00018E1EC /* Assets.xcassets in Resources */,
			);
			runOnlyForDeploymentPostprocessing = 0;
		};
/* End PBXResourcesBuildPhase section */

/* Begin PBXSourcesBuildPhase section */
		22F587752EE7089D0018E1EC /* Sources */ = {
			isa = PBXSourcesBuildPhase;
			buildActionMask = 2147483647;
			files = (
				22F587922EE70D880018E1EC /* MainView.swift in Sources */,
				22F5877D2EE7089D0018E1EC /* e_CommerceApp.swift in Sources */,
				22F5879A2EE70E8A0018E1EC /* ChairViewModel.swift in Sources */,
				22F587942EE70DDE0018E1EC /* ListedItemView.swift in Sources */,
				22F587982EE70E3C0018E1EC /* CartItemView.swift in Sources */,
				22F587902EE70C9B0018E1EC /* chairModel.swift in Sources */,
				22F587962EE70E100018E1EC /* DetailItemView.swift in Sources */,
				22F5879E2EE712090018E1EC /* LocalData.swift in Sources */,
				22F587A02EE942350018E1EC /* ItemHeaderView.swift in Sources */,
			);
			runOnlyForDeploymentPostprocessing = 0;
		};
/* End PBXSourcesBuildPhase section */

/* Begin XCBuildConfiguration section */
		22F587852EE708A00018E1EC /* Debug */ = {
			isa = XCBuildConfiguration;
			buildSettings = {
				ALWAYS_SEARCH_USER_PATHS = NO;
				CLANG_ANALYZER_NONNULL = YES;
				CLANG_ANALYZER_NUMBER_OBJECT_CONVERSION = YES_AGGRESSIVE;
				CLANG_CXX_LANGUAGE_STANDARD = "gnu++20";
				CLANG_ENABLE_MODULES = YES;
				CLANG_ENABLE_OBJC_ARC = YES;
				CLANG_ENABLE_OBJC_WEAK = YES;
				CLANG_WARN_BLOCK_CAPTURE_AUTORELEASING = YES;
				CLANG_WARN_BOOL_CONVERSION = YES;
				CLANG_WARN_COMMA = YES;
				CLANG_WARN_CONSTANT_CONVERSION = YES;
				CLANG_WARN_DEPRECATED_OBJC_IMPLEMENTATIONS = YES;
				CLANG_WARN_DIRECT_OBJC_ISA_USAGE = YES_ERROR;
				CLANG_WARN_DOCUMENTATION_COMMENTS = YES;
				CLANG_WARN_EMPTY_BODY = YES;
				CLANG_WARN_ENUM_CONVERSION = YES;
				CLANG_WARN_INFINITE_RECURSION = YES;
				CLANG_WARN_INT_CONVERSION = YES;
				CLANG_WARN_NON_LITERAL_NULL_CONVERSION = YES;
				CLANG_WARN_OBJC_IMPLICIT_RETAIN_SELF = YES;
				CLANG_WARN_OBJC_LITERAL_CONVERSION = YES;
				CLANG_WARN_OBJC_ROOT_CLASS = YES_ERROR;
				CLANG_WARN_QUOTED_INCLUDE_IN_FRAMEWORK_HEADER = YES;
				CLANG_WARN_RANGE_LOOP_ANALYSIS = YES;
				CLANG_WARN_STRICT_PROTOTYPES = YES;
				CLANG_WARN_SUSPICIOUS_MOVE = YES;
				CLANG_WARN_UNGUARDED_AVAILABILITY = YES_AGGRESSIVE;
				CLANG_WARN_UNREACHABLE_CODE = YES;
				CLANG_WARN__DUPLICATE_METHOD_MATCH = YES;
				COPY_PHASE_STRIP = NO;
				DEBUG_INFORMATION_FORMAT = dwarf;
				ENABLE_STRICT_OBJC_MSGSEND = YES;
				ENABLE_TESTABILITY = YES;
				GCC_C_LANGUAGE_STANDARD = gnu11;
				GCC_DYNAMIC_NO_PIC = NO;
				GCC_NO_COMMON_BLOCKS = YES;
				GCC_OPTIMIZATION_LEVEL = 0;
				GCC_PREPROCESSOR_DEFINITIONS = (
					"DEBUG=1",
					"$(inherited)",
				);
				GCC_WARN_64_TO_32_BIT_CONVERSION = YES;
				GCC_WARN_ABOUT_RETURN_TYPE = YES_ERROR;
				GCC_WARN_UNDECLARED_SELECTOR = YES;
				GCC_WARN_UNINITIALIZED_AUTOS = YES_AGGRESSIVE;
				GCC_WARN_UNUSED_FUNCTION = YES;
				GCC_WARN_UNUSED_VARIABLE = YES;
				IPHONEOS_DEPLOYMENT_TARGET = 16.1;
				MTL_ENABLE_DEBUG_INFO = INCLUDE_SOURCE;
				MTL_FAST_MATH = YES;
				ONLY_ACTIVE_ARCH = YES;
				SDKROOT = iphoneos;
				SWIFT_ACTIVE_COMPILATION_CONDITIONS = DEBUG;
				SWIFT_OPTIMIZATION_LEVEL = "-Onone";
			};
			name = Debug;
		};
		22F587862EE708A00018E1EC /* Release */ = {
			isa = XCBuildConfiguration;
			buildSettings = {
				ALWAYS_SEARCH_USER_PATHS = NO;
				CLANG_ANALYZER_NONNULL = YES;
				CLANG_ANALYZER_NUMBER_OBJECT_CONVERSION = YES_AGGRESSIVE;
				CLANG_CXX_LANGUAGE_STANDARD = "gnu++20";
				CLANG_ENABLE_MODULES = YES;
				CLANG_ENABLE_OBJC_ARC = YES;
				CLANG_ENABLE_OBJC_WEAK = YES;
				CLANG_WARN_BLOCK_CAPTURE_AUTORELEASING = YES;
				CLANG_WARN_BOOL_CONVERSION = YES;
				CLANG_WARN_COMMA = YES;
				CLANG_WARN_CONSTANT_CONVERSION = YES;
				CLANG_WARN_DEPRECATED_OBJC_IMPLEMENTATIONS = YES;
				CLANG_WARN_DIRECT_OBJC_ISA_USAGE = YES_ERROR;
				CLANG_WARN_DOCUMENTATION_COMMENTS = YES;
				CLANG_WARN_EMPTY_BODY = YES;
				CLANG_WARN_ENUM_CONVERSION = YES;
				CLANG_WARN_INFINITE_RECURSION = YES;
				CLANG_WARN_INT_CONVERSION = YES;
				CLANG_WARN_NON_LITERAL_NULL_CONVERSION = YES;
				CLANG_WARN_OBJC_IMPLICIT_RETAIN_SELF = YES;
				CLANG_WARN_OBJC_LITERAL_CONVERSION = YES;
				CLANG_WARN_OBJC_ROOT_CLASS = YES_ERROR;
				CLANG_WARN_QUOTED_INCLUDE_IN_FRAMEWORK_HEADER = YES;
				CLANG_WARN_RANGE_LOOP_ANALYSIS = YES;
				CLANG_WARN_STRICT_PROTOTYPES = YES;
				CLANG_WARN_SUSPICIOUS_MOVE = YES;
				CLANG_WARN_UNGUARDED_AVAILABILITY = YES_AGGRESSIVE;
				CLANG_WARN_UNREACHABLE_CODE = YES;
				CLANG_WARN__DUPLICATE_METHOD_MATCH = YES;
				COPY_PHASE_STRIP = NO;
				DEBUG_INFORMATION_FORMAT = "dwarf-with-dsym";
				ENABLE_NS_ASSERTIONS = NO;
				ENABLE_STRICT_OBJC_MSGSEND = YES;
				GCC_C_LANGUAGE_STANDARD = gnu11;
				GCC_NO_COMMON_BLOCKS = YES;
				GCC_WARN_64_TO_32_BIT_CONVERSION = YES;
				GCC_WARN_ABOUT_RETURN_TYPE = YES_ERROR;
				GCC_WARN_UNDECLARED_SELECTOR = YES;
				GCC_WARN_UNINITIALIZED_AUTOS = YES_AGGRESSIVE;
				GCC_WARN_UNUSED_FUNCTION = YES;
				GCC_WARN_UNUSED_VARIABLE = YES;
				IPHONEOS_DEPLOYMENT_TARGET = 16.1;
				MTL_ENABLE_DEBUG_INFO = NO;
				MTL_FAST_MATH = YES;
				SDKROOT = iphoneos;
				SWIFT_COMPILATION_MODE = wholemodule;
				SWIFT_OPTIMIZATION_LEVEL = "-O";
				VALIDATE_PRODUCT = YES;
			};
			name = Release;
		};
		22F587882EE708A00018E1EC /* Debug */ = {
			isa = XCBuildConfiguration;
			buildSettings = {
				ASSETCATALOG_COMPILER_APPICON_NAME = AppIcon;
				ASSETCATALOG_COMPILER_GLOBAL_ACCENT_COLOR_NAME = AccentColor;
				CODE_SIGN_STYLE = Automatic;
				CURRENT_PROJECT_VERSION = 1;
				DEVELOPMENT_ASSET_PATHS = "\"e-Commerce/Preview Content\"";
				ENABLE_PREVIEWS = YES;
				GENERATE_INFOPLIST_FILE = YES;
				INFOPLIST_KEY_UIApplicationSceneManifest_Generation = YES;
				INFOPLIST_KEY_UIApplicationSupportsIndirectInputEvents = YES;
				INFOPLIST_KEY_UILaunchScreen_Generation = YES;
				INFOPLIST_KEY_UISupportedInterfaceOrientations_iPad = "UIInterfaceOrientationPortrait UIInterfaceOrientationPortraitUpsideDown UIInterfaceOrientationLandscapeLeft UIInterfaceOrientationLandscapeRight";
				INFOPLIST_KEY_UISupportedInterfaceOrientations_iPhone = "UIInterfaceOrientationPortrait UIInterfaceOrientationLandscapeLeft UIInterfaceOrientationLandscapeRight";
				LD_RUNPATH_SEARCH_PATHS = (
					"$(inherited)",
					"@executable_path/Frameworks",
				);
				MARKETING_VERSION = 1.0;
				PRODUCT_BUNDLE_IDENTIFIER = "amany.e-Commerce";
				PRODUCT_NAME = "$(TARGET_NAME)";
				SWIFT_EMIT_LOC_STRINGS = YES;
				SWIFT_VERSION = 5.0;
				TARGETED_DEVICE_FAMILY = "1,2";
			};
			name = Debug;
		};
		22F587892EE708A00018E1EC /* Release */ = {
			isa = XCBuildConfiguration;
			buildSettings = {
				ASSETCATALOG_COMPILER_APPICON_NAME = AppIcon;
				ASSETCATALOG_COMPILER_GLOBAL_ACCENT_COLOR_NAME = AccentColor;
				CODE_SIGN_STYLE = Automatic;
				CURRENT_PROJECT_VERSION = 1;
				DEVELOPMENT_ASSET_PATHS = "\"e-Commerce/Preview Content\"";
				ENABLE_PREVIEWS = YES;
				GENERATE_INFOPLIST_FILE = YES;
				INFOPLIST_KEY_UIApplicationSceneManifest_Generation = YES;
				INFOPLIST_KEY_UIApplicationSupportsIndirectInputEvents = YES;
				INFOPLIST_KEY_UILaunchScreen_Generation = YES;
				INFOPLIST_KEY_UISupportedInterfaceOrientations_iPad = "UIInterfaceOrientationPortrait UIInterfaceOrientationPortraitUpsideDown UIInterfaceOrientationLandscapeLeft UIInterfaceOrientationLandscapeRight";
				INFOPLIST_KEY_UISupportedInterfaceOrientations_iPhone = "UIInterfaceOrientationPortrait UIInterfaceOrientationLandscapeLeft UIInterfaceOrientationLandscapeRight";
				LD_RUNPATH_SEARCH_PATHS = (
					"$(inherited)",
					"@executable_path/Frameworks",
				);
				MARKETING_VERSION = 1.0;
				PRODUCT_BUNDLE_IDENTIFIER = "amany.e-Commerce";
				PRODUCT_NAME = "$(TARGET_NAME)";
				SWIFT_EMIT_LOC_STRINGS = YES;
				SWIFT_VERSION = 5.0;
				TARGETED_DEVICE_FAMILY = "1,2";
			};
			name = Release;
		};
/* End XCBuildConfiguration section */

/* Begin XCConfigurationList section */
		22F587742EE7089D0018E1EC /* Build configuration list for PBXProject "e-Commerce" */ = {
			isa = XCConfigurationList;
			buildConfigurations = (
				22F587852EE708A00018E1EC /* Debug */,
				22F587862EE708A00018E1EC /* Release */,
			);
			defaultConfigurationIsVisible = 0;
			defaultConfigurationName = Release;
		};
		22F587872EE708A00018E1EC /* Build configuration list for PBXNativeTarget "e-Commerce" */ = {
			isa = XCConfigurationList;
			buildConfigurations = (
				22F587882EE708A00018E1EC /* Debug */,
				22F587892EE708A00018E1EC /* Release */,
			);
			defaultConfigurationIsVisible = 0;
			defaultConfigurationName = Release;
		};
/* End XCConfigurationList section */
	};
	rootObject = 22F587712EE7089D0018E1EC /* Project object */;
}
